
Microsoft Visual Studio Solution File, Format Version 12.00
# Visual Studio Version 16
VisualStudioVersion = 16.0.30114.105
MinimumVisualStudioVersion = 10.0.40219.1
Project("{FAE04EC0-301F-11D3-BF4B-00C04F79EFBC}") = "API", "API\API.csproj", "{8E412ACF-5C7D-45FD-8C59-CC448A0B9BB7}"
EndProject
Project("{FAE04EC0-301F-11D3-BF4B-00C04F79EFBC}") = "Application", "Application\Application.csproj", "{64B167E4-6D0B-45E3-8932-CC97E2D05CEF}"
EndProject
Project("{FAE04EC0-301F-11D3-BF4B-00C04F79EFBC}") = "Persistence", "Persistence\Persistence.csproj", "{DC6D39C0-5D52-4E20-A750-A2E017883A89}"
EndProject
Project("{FAE04EC0-301F-11D3-BF4B-00C04F79EFBC}") = "Domain", "Domain\Domain.csproj", "{483CBE9C-1381-4C78-A84B-7A1B9CCB1A01}"
EndProject
Global
	GlobalSection(SolutionConfigurationPlatforms) = preSolution
		Debug|Any CPU = Debug|Any CPU
		Debug|x64 = Debug|x64
		Debug|x86 = Debug|x86
		Release|Any CPU = Release|Any CPU
		Release|x64 = Release|x64
		Release|x86 = Release|x86
	EndGlobalSection
	GlobalSection(SolutionProperties) = preSolution
		HideSolutionNode = FALSE
	EndGlobalSection
	GlobalSection(ProjectConfigurationPlatforms) = postSolution
		{8E412ACF-5C7D-45FD-8C59-CC448A0B9BB7}.Debug|Any CPU.ActiveCfg = Debug|Any CPU
		{8E412ACF-5C7D-45FD-8C59-CC448A0B9BB7}.Debug|Any CPU.Build.0 = Debug|Any CPU
		{8E412ACF-5C7D-45FD-8C59-CC448A0B9BB7}.Debug|x64.ActiveCfg = Debug|Any CPU
		{8E412ACF-5C7D-45FD-8C59-CC448A0B9BB7}.Debug|x64.Build.0 = Debug|Any CPU
		{8E412ACF-5C7D-45FD-8C59-CC448A0B9BB7}.Debug|x86.ActiveCfg = Debug|Any CPU
		{8E412ACF-5C7D-45FD-8C59-CC448A0B9BB7}.Debug|x86.Build.0 = Debug|Any CPU
		{8E412ACF-5C7D-45FD-8C59-CC448A0B9BB7}.Release|Any CPU.ActiveCfg = Release|Any CPU
		{8E412ACF-5C7D-45FD-8C59-CC448A0B9BB7}.Release|Any CPU.Build.0 = Release|Any CPU
		{8E412ACF-5C7D-45FD-8C59-CC448A0B9BB7}.Release|x64.ActiveCfg = Release|Any CPU
		{8E412ACF-5C7D-45FD-8C59-CC448A0B9BB7}.Release|x64.Build.0 = Release|Any CPU
		{8E412ACF-5C7D-45FD-8C59-CC448A0B9BB7}.Release|x86.ActiveCfg = Release|Any CPU
		{8E412ACF-5C7D-45FD-8C59-CC448A0B9BB7}.Release|x86.Build.0 = Release|Any CPU
		{64B167E4-6D0B-45E3-8932-CC97E2D05CEF}.Debug|Any CPU.ActiveCfg = Debug|Any CPU
		{64B167E4-6D0B-45E3-8932-CC97E2D05CEF}.Debug|Any CPU.Build.0 = Debug|Any CPU
		{64B167E4-6D0B-45E3-8932-CC97E2D05CEF}.Debug|x64.ActiveCfg = Debug|Any CPU
		{64B167E4-6D0B-45E3-8932-CC97E2D05CEF}.Debug|x64.Build.0 = Debug|Any CPU
		{64B167E4-6D0B-45E3-8932-CC97E2D05CEF}.Debug|x86.ActiveCfg = Debug|Any CPU
		{64B167E4-6D0B-45E3-8932-CC97E2D05CEF}.Debug|x86.Build.0 = Debug|Any CPU
		{64B167E4-6D0B-45E3-8932-CC97E2D05CEF}.Release|Any CPU.ActiveCfg = Release|Any CPU
		{64B167E4-6D0B-45E3-8932-CC97E2D05CEF}.Release|Any CPU.Build.0 = Release|Any CPU
		{64B167E4-6D0B-45E3-8932-CC97E2D05CEF}.Release|x64.ActiveCfg = Release|Any CPU
		{64B167E4-6D0B-45E3-8932-CC97E2D05CEF}.Release|x64.Build.0 = Release|Any CPU
		{64B167E4-6D0B-45E3-8932-CC97E2D05CEF}.Release|x86.ActiveCfg = Release|Any CPU
		{64B167E4-6D0B-45E3-8932-CC97E2D05CEF}.Release|x86.Build.0 = Release|Any CPU
		{DC6D39C0-5D52-4E20-A750-A2E017883A89}.Debug|Any CPU.ActiveCfg = Debug|Any CPU
		{DC6D39C0-5D52-4E20-A750-A2E017883A89}.Debug|Any CPU.Build.0 = Debug|Any CPU
		{DC6D39C0-5D52-4E20-A750-A2E017883A89}.Debug|x64.ActiveCfg = Debug|Any CPU
		{DC6D39C0-5D52-4E20-A750-A2E017883A89}.Debug|x64.Build.0 = Debug|Any CPU
		{DC6D39C0-5D52-4E20-A750-A2E017883A89}.Debug|x86.ActiveCfg = Debug|Any CPU
		{DC6D39C0-5D52-4E20-A750-A2E017883A89}.Debug|x86.Build.0 = Debug|Any CPU
		{DC6D39C0-5D52-4E20-A750-A2E017883A89}.Release|Any CPU.ActiveCfg = Release|Any CPU
		{DC6D39C0-5D52-4E20-A750-A2E017883A89}.Release|Any CPU.Build.0 = Release|Any CPU
		{DC6D39C0-5D52-4E20-A750-A2E017883A89}.Release|x64.ActiveCfg = Release|Any CPU
		{DC6D39C0-5D52-4E20-A750-A2E017883A89}.Release|x64.Build.0 = Release|Any CPU
		{DC6D39C0-5D52-4E20-A750-A2E017883A89}.Release|x86.ActiveCfg = Release|Any CPU
		{DC6D39C0-5D52-4E20-A750-A2E017883A89}.Release|x86.Build.0 = Release|Any CPU
		{483CBE9C-1381-4C78-A84B-7A1B9CCB1A01}.Debug|Any CPU.ActiveCfg = Debug|Any CPU
		{483CBE9C-1381-4C78-A84B-7A1B9CCB1A01}.Debug|Any CPU.Build.0 = Debug|Any CPU
		{483CBE9C-1381-4C78-A84B-7A1B9CCB1A01}.Debug|x64.ActiveCfg = Debug|Any CPU
		{483CBE9C-1381-4C78-A84B-7A1B9CCB1A01}.Debug|x64.Build.0 = Debug|Any CPU
		{483CBE9C-1381-4C78-A84B-7A1B9CCB1A01}.Debug|x86.ActiveCfg = Debug|Any CPU
		{483CBE9C-1381-4C78-A84B-7A1B9CCB1A01}.Debug|x86.Build.0 = Debug|Any CPU
		{483CBE9C-1381-4C78-A84B-7A1B9CCB1A01}.Release|Any CPU.ActiveCfg = Release|Any CPU
		{483CBE9C-1381-4C78-A84B-7A1B9CCB1A01}.Release|Any CPU.Build.0 = Release|Any CPU
		{483CBE9C-1381-4C78-A84B-7A1B9CCB1A01}.Release|x64.ActiveCfg = Release|Any CPU
		{483CBE9C-1381-4C78-A84B-7A1B9CCB1A01}.Release|x64.Build.0 = Release|Any CPU
		{483CBE9C-1381-4C78-A84B-7A1B9CCB1A01}.Release|x86.ActiveCfg = Release|Any CPU
		{483CBE9C-1381-4C78-A84B-7A1B9CCB1A01}.Release|x86.Build.0 = Release|Any CPU
	EndGlobalSection
EndGlobal
